{
  "name": "MS17-010_检测",
  "version": "0.1",
  "lockfileVersion": 2,
  "requires": true,
  "packages": {
    "": {
      "name": "MS17-010_检测",
      "version": "0.1",
      "dependencies": {
        "subnet-cidr-calculator": "^1.0.8"
      }
    },
    "node_modules/subnet-cidr-calculator": {
      "version": "1.0.8",
      "resolved": "https://registry.npm.taobao.org/subnet-cidr-calculator/download/subnet-cidr-calculator-1.0.8.tgz",
      "integrity": "sha1-C48DqiXhW6ornPxgZN1F2M0MP+g=",
      "dependencies": {
        "underscore": "^1.8.3"
      }
    },
    "node_modules/underscore": {
      "version": "1.13.1",
      "resolved": "https://registry.npm.taobao.org/underscore/download/underscore-1.13.1.tgz",
      "integrity": "sha1-DBxr0t9UtrafIxQGbWW2zeb8+dE="
    }
  },
  "dependencies": {
    "subnet-cidr-calculator": {
      "version": "1.0.8",
      "resolved": "https://registry.npm.taobao.org/subnet-cidr-calculator/download/subnet-cidr-calculator-1.0.8.tgz",
      "integrity": "sha1-C48DqiXhW6ornPxgZN1F2M0MP+g=",
      "requires": {
        "underscore": "^1.8.3"
      }
    },
    "underscore": {
      "version": "1.13.1",
      "resolved": "https://registry.npm.taobao.org/underscore/download/underscore-1.13.1.tgz",
      "integrity": "sha1-DBxr0t9UtrafIxQGbWW2zeb8+dE="
    }
  }
}
